
Microsoft Visual Studio Solution File, Format Version 12.00
# Visual Studio Version 17
VisualStudioVersion = 17.5.002.0
MinimumVisualStudioVersion = 10.0.40219.1
Project("{9A19103F-16F7-4668-BE54-9A1E7A4F7556}") = "simple-quiz", "simple-quiz.csproj", "{8C96780E-ABEC-4A3F-BE09-3C84E21D9048}"
EndProject
Global
	GlobalSection(SolutionConfigurationPlatforms) = preSolution
		Debug|Any CPU = Debug|Any CPU
		Release|Any CPU = Release|Any CPU
	EndGlobalSection
	GlobalSection(ProjectConfigurationPlatforms) = postSolution
		{8C96780E-ABEC-4A3F-BE09-3C84E21D9048}.Debug|Any CPU.ActiveCfg = Debug|Any CPU
		{8C96780E-ABEC-4A3F-BE09-3C84E21D9048}.Debug|Any CPU.Build.0 = Debug|Any CPU
		{8C96780E-ABEC-4A3F-BE09-3C84E21D9048}.Release|Any CPU.ActiveCfg = Release|Any CPU
		{8C96780E-ABEC-4A3F-BE09-3C84E21D9048}.Release|Any CPU.Build.0 = Release|Any CPU
	EndGlobalSection
	GlobalSection(SolutionProperties) = preSolution
		HideSolutionNode = FALSE
	EndGlobalSection
	GlobalSection(ExtensibilityGlobals) = postSolution
		SolutionGuid = {8024E26C-5C0E-4259-9A64-CCB1F6610A6F}
	EndGlobalSection
EndGlobal
